
Microsoft Visual Studio Solution File, Format Version 12.00
# Visual Studio Version 16
VisualStudioVersion = 16.0.29102.190
MinimumVisualStudioVersion = 10.0.40219.1
Project("{FAE04EC0-301F-11D3-BF4B-00C04F79EFBC}") = "Memory", "Memory\Memory.csproj", "{5768BE42-FAFE-4AEC-8EC4-6CBB8E1E83B2}"
EndProject
Global
	GlobalSection(SolutionConfigurationPlatforms) = preSolution
		Debug|Any CPU = Debug|Any CPU
		Release|Any CPU = Release|Any CPU
	EndGlobalSection
	GlobalSection(ProjectConfigurationPlatforms) = postSolution
		{5768BE42-FAFE-4AEC-8EC4-6CBB8E1E83B2}.Debug|Any CPU.ActiveCfg = Debug|Any CPU
		{5768BE42-FAFE-4AEC-8EC4-6CBB8E1E83B2}.Debug|Any CPU.Build.0 = Debug|Any CPU
		{5768BE42-FAFE-4AEC-8EC4-6CBB8E1E83B2}.Release|Any CPU.ActiveCfg = Release|Any CPU
		{5768BE42-FAFE-4AEC-8EC4-6CBB8E1E83B2}.Release|Any CPU.Build.0 = Release|Any CPU
	EndGlobalSection
	GlobalSection(SolutionProperties) = preSolution
		HideSolutionNode = FALSE
	EndGlobalSection
	GlobalSection(ExtensibilityGlobals) = postSolution
		SolutionGuid = {854ABB54-F375-4250-B7D9-BCE9ECB39C0F}
	EndGlobalSection
EndGlobal
